
Microsoft Visual Studio Solution File, Format Version 12.00
# Visual Studio 14
VisualStudioVersion = 14.0.24720.0
MinimumVisualStudioVersion = 10.0.40219.1
Project("{FAE04EC0-301F-11D3-BF4B-00C04F79EFBC}") = "Pretzel.Categories", "Pretzel.Categories\Pretzel.Categories.csproj", "{2EF49BED-DB02-4080-9677-6F09C0BA02C7}"
EndProject
Project("{FAE04EC0-301F-11D3-BF4B-00C04F79EFBC}") = "Pretzel.Categories.Tests", "Pretzel.Categories.Tests\Pretzel.Categories.Tests.csproj", "{94D039F2-24EC-48D0-B48F-0CA5CB8E7F25}"
EndProject
Project("{2150E333-8FDC-42A3-9474-1A3956D46DE8}") = "Solutions Items", "Solutions Items", "{7EE197E8-484F-4557-AFA5-99911CA45307}"
	ProjectSection(SolutionItems) = preProject
		appveyor.yml = appveyor.yml
		README.md = README.md
		stylecop.json = stylecop.json
	EndProjectSection
EndProject
Global
	GlobalSection(SolutionConfigurationPlatforms) = preSolution
		Debug|Any CPU = Debug|Any CPU
		Release|Any CPU = Release|Any CPU
	EndGlobalSection
	GlobalSection(ProjectConfigurationPlatforms) = postSolution
		{2EF49BED-DB02-4080-9677-6F09C0BA02C7}.Debug|Any CPU.ActiveCfg = Debug|Any CPU
		{2EF49BED-DB02-4080-9677-6F09C0BA02C7}.Debug|Any CPU.Build.0 = Debug|Any CPU
		{2EF49BED-DB02-4080-9677-6F09C0BA02C7}.Release|Any CPU.ActiveCfg = Release|Any CPU
		{2EF49BED-DB02-4080-9677-6F09C0BA02C7}.Release|Any CPU.Build.0 = Release|Any CPU
		{94D039F2-24EC-48D0-B48F-0CA5CB8E7F25}.Debug|Any CPU.ActiveCfg = Debug|Any CPU
		{94D039F2-24EC-48D0-B48F-0CA5CB8E7F25}.Debug|Any CPU.Build.0 = Debug|Any CPU
		{94D039F2-24EC-48D0-B48F-0CA5CB8E7F25}.Release|Any CPU.ActiveCfg = Release|Any CPU
		{94D039F2-24EC-48D0-B48F-0CA5CB8E7F25}.Release|Any CPU.Build.0 = Release|Any CPU
	EndGlobalSection
	GlobalSection(SolutionProperties) = preSolution
		HideSolutionNode = FALSE
	EndGlobalSection
EndGlobal
